// !$*UTF8*$!
{
	archiveVersion = 1;
	classes = {
	};
	objectVersion = 50;
	objects = {

/* Begin PBXBuildFile section */
		7213F59320AB07D000090B75 /* G4.m4a in Resources */ = {isa = PBXBuildFile; fileRef = 7213F57B20AB07CE00090B75 /* G4.m4a */; };
		7213F59420AB07D000090B75 /* D♭4.m4a in Resources */ = {isa = PBXBuildFile; fileRef = 7213F57C20AB07CE00090B75 /* D♭4.m4a */; };
		7213F59520AB07D000090B75 /* B♭5.m4a in Resources */ = {isa = PBXBuildFile; fileRef = 7213F57D20AB07CE00090B75 /* B♭5.m4a */; };
		7213F59620AB07D000090B75 /* A♭4.m4a in Resources */ = {isa = PBXBuildFile; fileRef = 7213F57E20AB07CE00090B75 /* A♭4.m4a */; };
		7213F59720AB07D000090B75 /* B4.m4a in Resources */ = {isa = PBXBuildFile; fileRef = 7213F57F20AB07CE00090B75 /* B4.m4a */; };
		7213F59820AB07D000090B75 /* A4.m4a in Resources */ = {isa = PBXBuildFile; fileRef = 7213F58020AB07CE00090B75 /* A4.m4a */; };
		7213F59920AB07D000090B75 /* C5.m4a in Resources */ = {isa = PBXBuildFile; fileRef = 7213F58120AB07CE00090B75 /* C5.m4a */; };
		7213F59A20AB07D000090B75 /* A♭5.m4a in Resources */ = {isa = PBXBuildFile; fileRef = 7213F58220AB07CE00090B75 /* A♭5.m4a */; };
		7213F59B20AB07D000090B75 /* A5.m4a in Resources */ = {isa = PBXBuildFile; fileRef = 7213F58320AB07CE00090B75 /* A5.m4a */; };
		7213F59C20AB07D000090B75 /* D♭5.m4a in Resources */ = {isa = PBXBuildFile; fileRef = 7213F58420AB07CE00090B75 /* D♭5.m4a */; };
		7213F59D20AB07D000090B75 /* D4.m4a in Resources */ = {isa = PBXBuildFile; fileRef = 7213F58520AB07CF00090B75 /* D4.m4a */; };
		7213F59E20AB07D000090B75 /* E♭5.m4a in Resources */ = {isa = PBXBuildFile; fileRef = 7213F58620AB07CF00090B75 /* E♭5.m4a */; };
		7213F59F20AB07D000090B75 /* B5.m4a in Resources */ = {isa = PBXBuildFile; fileRef = 7213F58720AB07CF00090B75 /* B5.m4a */; };
		7213F5A020AB07D000090B75 /* G♭4.m4a in Resources */ = {isa = PBXBuildFile; fileRef = 7213F58820AB07CF00090B75 /* G♭4.m4a */; };
		7213F5A120AB07D000090B75 /* G♭5.m4a in Resources */ = {isa = PBXBuildFile; fileRef = 7213F58920AB07CF00090B75 /* G♭5.m4a */; };
		7213F5A220AB07D000090B75 /* G5.m4a in Resources */ = {isa = PBXBuildFile; fileRef = 7213F58A20AB07CF00090B75 /* G5.m4a */; };
		7213F5A320AB07D000090B75 /* E♭4.m4a in Resources */ = {isa = PBXBuildFile; fileRef = 7213F58B20AB07CF00090B75 /* E♭4.m4a */; };
		7213F5A420AB07D000090B75 /* F5.m4a in Resources */ = {isa = PBXBuildFile; fileRef = 7213F58C20AB07CF00090B75 /* F5.m4a */; };
		7213F5A520AB07D000090B75 /* F4.m4a in Resources */ = {isa = PBXBuildFile; fileRef = 7213F58D20AB07CF00090B75 /* F4.m4a */; };
		7213F5A620AB07D000090B75 /* E4.m4a in Resources */ = {isa = PBXBuildFile; fileRef = 7213F58E20AB07CF00090B75 /* E4.m4a */; };
		7213F5A720AB07D000090B75 /* B♭4.m4a in Resources */ = {isa = PBXBuildFile; fileRef = 7213F58F20AB07CF00090B75 /* B♭4.m4a */; };
		7213F5A820AB07D000090B75 /* D5.m4a in Resources */ = {isa = PBXBuildFile; fileRef = 7213F59020AB07CF00090B75 /* D5.m4a */; };
		7213F5A920AB07D000090B75 /* E5.m4a in Resources */ = {isa = PBXBuildFile; fileRef = 7213F59120AB07D000090B75 /* E5.m4a */; };
		7213F5AA20AB07D000090B75 /* C4.m4a in Resources */ = {isa = PBXBuildFile; fileRef = 7213F59220AB07D000090B75 /* C4.m4a */; };
		722E46EB2042593100DAF987 /* AppDelegate.swift in Sources */ = {isa = PBXBuildFile; fileRef = 722E46EA2042593100DAF987 /* AppDelegate.swift */; };
		722E46ED2042593100DAF987 /* NoteViewController.swift in Sources */ = {isa = PBXBuildFile; fileRef = 722E46EC2042593100DAF987 /* NoteViewController.swift */; };
		722E46F02042593100DAF987 /* Main.storyboard in Resources */ = {isa = PBXBuildFile; fileRef = 722E46EE2042593100DAF987 /* Main.storyboard */; };
		722E46F52042593100DAF987 /* Assets.xcassets in Resources */ = {isa = PBXBuildFile; fileRef = 722E46F42042593100DAF987 /* Assets.xcassets */; };
		722E46F82042593100DAF987 /* LaunchScreen.storyboard in Resources */ = {isa = PBXBuildFile; fileRef = 722E46F62042593100DAF987 /* LaunchScreen.storyboard */; };
		722E471D2042598D00DAF987 /* HarmonyModel.swift in Sources */ = {isa = PBXBuildFile; fileRef = 722E471C2042598D00DAF987 /* HarmonyModel.swift */; };
		724A3CF4204CD8DE008E5840 /* PianoView.swift in Sources */ = {isa = PBXBuildFile; fileRef = 724A3CF3204CD8DE008E5840 /* PianoView.swift */; };
		725A2FC2212B94BE00B64C21 /* Defaults.swift in Sources */ = {isa = PBXBuildFile; fileRef = 725A2FC1212B94BE00B64C21 /* Defaults.swift */; };
		726ECD0F209E8A3B000231BF /* UI Extensions.swift in Sources */ = {isa = PBXBuildFile; fileRef = 726ECD0E209E8A3B000231BF /* UI Extensions.swift */; };
		728230FD212AEE1300397FDE /* Default-568h@2x.png in Resources */ = {isa = PBXBuildFile; fileRef = 728230FC212AEE1300397FDE /* Default-568h@2x.png */; };
		728AEA3520AA51E000CBB974 /* Audio.swift in Sources */ = {isa = PBXBuildFile; fileRef = 728AEA3420AA51E000CBB974 /* Audio.swift */; };
		72A10F4821DA09FC0091861C /* HarmonyCalcTests.swift in Sources */ = {isa = PBXBuildFile; fileRef = 72A10F4721DA09FC0091861C /* HarmonyCalcTests.swift */; };
		72A5E60B212490F500C52D45 /* NoteProtocols.swift in Sources */ = {isa = PBXBuildFile; fileRef = 72A5E60A212490F500C52D45 /* NoteProtocols.swift */; };
		72A5E60D2124DD5B00C52D45 /* HarmonyTypes.swift in Sources */ = {isa = PBXBuildFile; fileRef = 72A5E60C2124DD5B00C52D45 /* HarmonyTypes.swift */; };
		72A5E61221262F0600C52D45 /* NoteTransforms.swift in Sources */ = {isa = PBXBuildFile; fileRef = 72A5E61121262F0600C52D45 /* NoteTransforms.swift */; };
		72BE787520AC5AE600991D4F /* DefinitionsViewController.swift in Sources */ = {isa = PBXBuildFile; fileRef = 72BE787420AC5AE600991D4F /* DefinitionsViewController.swift */; };
		72C71979206144D50055C742 /* NoteTypes.swift in Sources */ = {isa = PBXBuildFile; fileRef = 72C71978206144D50055C742 /* NoteTypes.swift */; };
/* End PBXBuildFile section */

/* Begin PBXContainerItemProxy section */
		72A10F4A21DA09FC0091861C /* PBXContainerItemProxy */ = {
			isa = PBXContainerItemProxy;
			containerPortal = 722E46DF2042593100DAF987 /* Project object */;
			proxyType = 1;
			remoteGlobalIDString = 722E46E62042593100DAF987;
			remoteInfo = HarmonyCalc;
		};
/* End PBXContainerItemProxy section */

/* Begin PBXFileReference section */
		7213F57B20AB07CE00090B75 /* G4.m4a */ = {isa = PBXFileReference; lastKnownFileType = file; path = G4.m4a; sourceTree = "<group>"; };
		7213F57C20AB07CE00090B75 /* D♭4.m4a */ = {isa = PBXFileReference; lastKnownFileType = file; path = "D♭4.m4a"; sourceTree = "<group>"; };
		7213F57D20AB07CE00090B75 /* B♭5.m4a */ = {isa = PBXFileReference; lastKnownFileType = file; path = "B♭5.m4a"; sourceTree = "<group>"; };
		7213F57E20AB07CE00090B75 /* A♭4.m4a */ = {isa = PBXFileReference; lastKnownFileType = file; path = "A♭4.m4a"; sourceTree = "<group>"; };
		7213F57F20AB07CE00090B75 /* B4.m4a */ = {isa = PBXFileReference; lastKnownFileType = file; path = B4.m4a; sourceTree = "<group>"; };
		7213F58020AB07CE00090B75 /* A4.m4a */ = {isa = PBXFileReference; lastKnownFileType = file; path = A4.m4a; sourceTree = "<group>"; };
		7213F58120AB07CE00090B75 /* C5.m4a */ = {isa = PBXFileReference; lastKnownFileType = file; path = C5.m4a; sourceTree = "<group>"; };
		7213F58220AB07CE00090B75 /* A♭5.m4a */ = {isa = PBXFileReference; lastKnownFileType = file; path = "A♭5.m4a"; sourceTree = "<group>"; };
		7213F58320AB07CE00090B75 /* A5.m4a */ = {isa = PBXFileReference; lastKnownFileType = file; path = A5.m4a; sourceTree = "<group>"; };
		7213F58420AB07CE00090B75 /* D♭5.m4a */ = {isa = PBXFileReference; lastKnownFileType = file; path = "D♭5.m4a"; sourceTree = "<group>"; };
		7213F58520AB07CF00090B75 /* D4.m4a */ = {isa = PBXFileReference; lastKnownFileType = file; path = D4.m4a; sourceTree = "<group>"; };
		7213F58620AB07CF00090B75 /* E♭5.m4a */ = {isa = PBXFileReference; lastKnownFileType = file; path = "E♭5.m4a"; sourceTree = "<group>"; };
		7213F58720AB07CF00090B75 /* B5.m4a */ = {isa = PBXFileReference; lastKnownFileType = file; path = B5.m4a; sourceTree = "<group>"; };
		7213F58820AB07CF00090B75 /* G♭4.m4a */ = {isa = PBXFileReference; lastKnownFileType = file; path = "G♭4.m4a"; sourceTree = "<group>"; };
		7213F58920AB07CF00090B75 /* G♭5.m4a */ = {isa = PBXFileReference; lastKnownFileType = file; path = "G♭5.m4a"; sourceTree = "<group>"; };
		7213F58A20AB07CF00090B75 /* G5.m4a */ = {isa = PBXFileReference; lastKnownFileType = file; path = G5.m4a; sourceTree = "<group>"; };
		7213F58B20AB07CF00090B75 /* E♭4.m4a */ = {isa = PBXFileReference; lastKnownFileType = file; path = "E♭4.m4a"; sourceTree = "<group>"; };
		7213F58C20AB07CF00090B75 /* F5.m4a */ = {isa = PBXFileReference; lastKnownFileType = file; path = F5.m4a; sourceTree = "<group>"; };
		7213F58D20AB07CF00090B75 /* F4.m4a */ = {isa = PBXFileReference; lastKnownFileType = file; path = F4.m4a; sourceTree = "<group>"; };
		7213F58E20AB07CF00090B75 /* E4.m4a */ = {isa = PBXFileReference; lastKnownFileType = file; path = E4.m4a; sourceTree = "<group>"; };
		7213F58F20AB07CF00090B75 /* B♭4.m4a */ = {isa = PBXFileReference; lastKnownFileType = file; path = "B♭4.m4a"; sourceTree = "<group>"; };
		7213F59020AB07CF00090B75 /* D5.m4a */ = {isa = PBXFileReference; lastKnownFileType = file; path = D5.m4a; sourceTree = "<group>"; };
		7213F59120AB07D000090B75 /* E5.m4a */ = {isa = PBXFileReference; lastKnownFileType = file; path = E5.m4a; sourceTree = "<group>"; };
		7213F59220AB07D000090B75 /* C4.m4a */ = {isa = PBXFileReference; lastKnownFileType = file; path = C4.m4a; sourceTree = "<group>"; };
		722E46E72042593100DAF987 /* HarmonyCalc.app */ = {isa = PBXFileReference; explicitFileType = wrapper.application; includeInIndex = 0; path = HarmonyCalc.app; sourceTree = BUILT_PRODUCTS_DIR; };
		722E46EA2042593100DAF987 /* AppDelegate.swift */ = {isa = PBXFileReference; lastKnownFileType = sourcecode.swift; path = AppDelegate.swift; sourceTree = "<group>"; };
		722E46EC2042593100DAF987 /* NoteViewController.swift */ = {isa = PBXFileReference; lastKnownFileType = sourcecode.swift; path = NoteViewController.swift; sourceTree = "<group>"; };
		722E46EF2042593100DAF987 /* Base */ = {isa = PBXFileReference; lastKnownFileType = file.storyboard; name = Base; path = Base.lproj/Main.storyboard; sourceTree = "<group>"; };
		722E46F42042593100DAF987 /* Assets.xcassets */ = {isa = PBXFileReference; lastKnownFileType = folder.assetcatalog; path = Assets.xcassets; sourceTree = "<group>"; };
		722E46F72042593100DAF987 /* Base */ = {isa = PBXFileReference; lastKnownFileType = file.storyboard; name = Base; path = Base.lproj/LaunchScreen.storyboard; sourceTree = "<group>"; };
		722E46F92042593100DAF987 /* Info.plist */ = {isa = PBXFileReference; lastKnownFileType = text.plist.xml; path = Info.plist; sourceTree = "<group>"; };
		722E471C2042598D00DAF987 /* HarmonyModel.swift */ = {isa = PBXFileReference; lastKnownFileType = sourcecode.swift; path = HarmonyModel.swift; sourceTree = "<group>"; };
		724A3CF3204CD8DE008E5840 /* PianoView.swift */ = {isa = PBXFileReference; lastKnownFileType = sourcecode.swift; path = PianoView.swift; sourceTree = "<group>"; };
		725A2FB8212B715800B64C21 /* HarmonyCalcTests.swift */ = {isa = PBXFileReference; lastKnownFileType = sourcecode.swift; path = HarmonyCalcTests.swift; sourceTree = "<group>"; };
		725A2FBA212B715800B64C21 /* Info.plist */ = {isa = PBXFileReference; lastKnownFileType = text.plist.xml; path = Info.plist; sourceTree = "<group>"; };
		725A2FC1212B94BE00B64C21 /* Defaults.swift */ = {isa = PBXFileReference; lastKnownFileType = sourcecode.swift; path = Defaults.swift; sourceTree = "<group>"; };
		726ECD0E209E8A3B000231BF /* UI Extensions.swift */ = {isa = PBXFileReference; lastKnownFileType = sourcecode.swift; path = "UI Extensions.swift"; sourceTree = "<group>"; };
		728230FC212AEE1300397FDE /* Default-568h@2x.png */ = {isa = PBXFileReference; lastKnownFileType = image.png; name = "Default-568h@2x.png"; path = "../../Default-568h@2x.png"; sourceTree = "<group>"; };
		728AEA3420AA51E000CBB974 /* Audio.swift */ = {isa = PBXFileReference; lastKnownFileType = sourcecode.swift; path = Audio.swift; sourceTree = "<group>"; };
		72A10F4521DA09FC0091861C /* HarmonyCalcTests.xctest */ = {isa = PBXFileReference; explicitFileType = wrapper.cfbundle; includeInIndex = 0; path = HarmonyCalcTests.xctest; sourceTree = BUILT_PRODUCTS_DIR; };
		72A10F4721DA09FC0091861C /* HarmonyCalcTests.swift */ = {isa = PBXFileReference; lastKnownFileType = sourcecode.swift; path = HarmonyCalcTests.swift; sourceTree = "<group>"; };
		72A10F4921DA09FC0091861C /* Info.plist */ = {isa = PBXFileReference; lastKnownFileType = text.plist.xml; path = Info.plist; sourceTree = "<group>"; };
		72A5E60A212490F500C52D45 /* NoteProtocols.swift */ = {isa = PBXFileReference; lastKnownFileType = sourcecode.swift; path = NoteProtocols.swift; sourceTree = "<group>"; };
		72A5E60C2124DD5B00C52D45 /* HarmonyTypes.swift */ = {isa = PBXFileReference; lastKnownFileType = sourcecode.swift; path = HarmonyTypes.swift; sourceTree = "<group>"; };
		72A5E61121262F0600C52D45 /* NoteTransforms.swift */ = {isa = PBXFileReference; lastKnownFileType = sourcecode.swift; path = NoteTransforms.swift; sourceTree = "<group>"; };
		72BE787420AC5AE600991D4F /* DefinitionsViewController.swift */ = {isa = PBXFileReference; lastKnownFileType = sourcecode.swift; path = DefinitionsViewController.swift; sourceTree = "<group>"; };
		72C71978206144D50055C742 /* NoteTypes.swift */ = {isa = PBXFileReference; lastKnownFileType = sourcecode.swift; path = NoteTypes.swift; sourceTree = "<group>"; };
/* End PBXFileReference section */

/* Begin PBXFrameworksBuildPhase section */
		722E46E42042593100DAF987 /* Frameworks */ = {
			isa = PBXFrameworksBuildPhase;
			buildActionMask = 2147483647;
			files = (
			);
			runOnlyForDeploymentPostprocessing = 0;
		};
		72A10F4221DA09FC0091861C /* Frameworks */ = {
			isa = PBXFrameworksBuildPhase;
			buildActionMask = 2147483647;
			files = (
			);
			runOnlyForDeploymentPostprocessing = 0;
		};
/* End PBXFrameworksBuildPhase section */

/* Begin PBXGroup section */
		722E46DE2042593100DAF987 = {
			isa = PBXGroup;
			children = (
				722E46E92042593100DAF987 /* HarmonyCalc */,
				725A2FB7212B715800B64C21 /* HarmonyCalcTests */,
				72A10F4621DA09FC0091861C /* HarmonyCalcTests */,
				722E46E82042593100DAF987 /* Products */,
			);
			sourceTree = "<group>";
		};
		722E46E82042593100DAF987 /* Products */ = {
			isa = PBXGroup;
			children = (
				722E46E72042593100DAF987 /* HarmonyCalc.app */,
				72A10F4521DA09FC0091861C /* HarmonyCalcTests.xctest */,
			);
			name = Products;
			sourceTree = "<group>";
		};
		722E46E92042593100DAF987 /* HarmonyCalc */ = {
			isa = PBXGroup;
			children = (
				722E46EE2042593100DAF987 /* Main.storyboard */,
				723E6C932120E3BB00B92E72 /* Views&Controllers */,
				72C7197A206145400055C742 /* Models */,
				72A5E60E2124DEF600C52D45 /* Custom Types */,
				725A2FC3212BAAD700B64C21 /* Persistence */,
				722E471B2042594C00DAF987 /* Supporting Files */,
			);
			path = HarmonyCalc;
			sourceTree = "<group>";
		};
		722E471B2042594C00DAF987 /* Supporting Files */ = {
			isa = PBXGroup;
			children = (
				72F6210520A90D1300DBBE13 /* Sounds */,
				722E46EA2042593100DAF987 /* AppDelegate.swift */,
				722E46F42042593100DAF987 /* Assets.xcassets */,
				722E46F62042593100DAF987 /* LaunchScreen.storyboard */,
				722E46F92042593100DAF987 /* Info.plist */,
				728230FC212AEE1300397FDE /* Default-568h@2x.png */,
			);
			path = "Supporting Files";
			sourceTree = "<group>";
		};
		723E6C932120E3BB00B92E72 /* Views&Controllers */ = {
			isa = PBXGroup;
			children = (
				722E46EC2042593100DAF987 /* NoteViewController.swift */,
				724A3CF3204CD8DE008E5840 /* PianoView.swift */,
				72BE787420AC5AE600991D4F /* DefinitionsViewController.swift */,
				726ECD0E209E8A3B000231BF /* UI Extensions.swift */,
				72A5E60A212490F500C52D45 /* NoteProtocols.swift */,
			);
			path = "Views&Controllers";
			sourceTree = "<group>";
		};
		725A2FB7212B715800B64C21 /* HarmonyCalcTests */ = {
			isa = PBXGroup;
			children = (
				725A2FB8212B715800B64C21 /* HarmonyCalcTests.swift */,
				725A2FBA212B715800B64C21 /* Info.plist */,
			);
			path = HarmonyCalcTests;
			sourceTree = "<group>";
		};
		725A2FC3212BAAD700B64C21 /* Persistence */ = {
			isa = PBXGroup;
			children = (
				725A2FC1212B94BE00B64C21 /* Defaults.swift */,
			);
			path = Persistence;
			sourceTree = "<group>";
		};
		72A10F4621DA09FC0091861C /* HarmonyCalcTests */ = {
			isa = PBXGroup;
			children = (
				72A10F4721DA09FC0091861C /* HarmonyCalcTests.swift */,
				72A10F4921DA09FC0091861C /* Info.plist */,
			);
			path = HarmonyCalcTests;
			sourceTree = "<group>";
		};
		72A5E60E2124DEF600C52D45 /* Custom Types */ = {
			isa = PBXGroup;
			children = (
				72A5E60C2124DD5B00C52D45 /* HarmonyTypes.swift */,
				72C71978206144D50055C742 /* NoteTypes.swift */,
			);
			path = "Custom Types";
			sourceTree = "<group>";
		};
		72C7197A206145400055C742 /* Models */ = {
			isa = PBXGroup;
			children = (
				728AEA3420AA51E000CBB974 /* Audio.swift */,
				722E471C2042598D00DAF987 /* HarmonyModel.swift */,
				72A5E61121262F0600C52D45 /* NoteTransforms.swift */,
			);
			path = Models;
			sourceTree = "<group>";
		};
		72F6210420A90CFB00DBBE13 /* Samples */ = {
			isa = PBXGroup;
			children = (
				7213F59220AB07D000090B75 /* C4.m4a */,
				7213F57C20AB07CE00090B75 /* D♭4.m4a */,
				7213F58520AB07CF00090B75 /* D4.m4a */,
				7213F58B20AB07CF00090B75 /* E♭4.m4a */,
				7213F58E20AB07CF00090B75 /* E4.m4a */,
				7213F58D20AB07CF00090B75 /* F4.m4a */,
				7213F58820AB07CF00090B75 /* G♭4.m4a */,
				7213F57B20AB07CE00090B75 /* G4.m4a */,
				7213F57E20AB07CE00090B75 /* A♭4.m4a */,
				7213F58020AB07CE00090B75 /* A4.m4a */,
				7213F58F20AB07CF00090B75 /* B♭4.m4a */,
				7213F57F20AB07CE00090B75 /* B4.m4a */,
				7213F58120AB07CE00090B75 /* C5.m4a */,
				7213F58420AB07CE00090B75 /* D♭5.m4a */,
				7213F59020AB07CF00090B75 /* D5.m4a */,
				7213F58620AB07CF00090B75 /* E♭5.m4a */,
				7213F59120AB07D000090B75 /* E5.m4a */,
				7213F58C20AB07CF00090B75 /* F5.m4a */,
				7213F58920AB07CF00090B75 /* G♭5.m4a */,
				7213F58A20AB07CF00090B75 /* G5.m4a */,
				7213F58220AB07CE00090B75 /* A♭5.m4a */,
				7213F58320AB07CE00090B75 /* A5.m4a */,
				7213F57D20AB07CE00090B75 /* B♭5.m4a */,
				7213F58720AB07CF00090B75 /* B5.m4a */,
			);
			path = Samples;
			sourceTree = "<group>";
		};
		72F6210520A90D1300DBBE13 /* Sounds */ = {
			isa = PBXGroup;
			children = (
				72F6210420A90CFB00DBBE13 /* Samples */,
			);
			path = Sounds;
			sourceTree = "<group>";
		};
/* End PBXGroup section */

/* Begin PBXNativeTarget section */
		722E46E62042593100DAF987 /* HarmonyCalc */ = {
			isa = PBXNativeTarget;
			buildConfigurationList = 722E47122042593100DAF987 /* Build configuration list for PBXNativeTarget "HarmonyCalc" */;
			buildPhases = (
				722E46E32042593100DAF987 /* Sources */,
				722E46E42042593100DAF987 /* Frameworks */,
				722E46E52042593100DAF987 /* Resources */,
			);
			buildRules = (
			);
			dependencies = (
			);
			name = HarmonyCalc;
			productName = "Chord Connections";
			productReference = 722E46E72042593100DAF987 /* HarmonyCalc.app */;
			productType = "com.apple.product-type.application";
		};
		72A10F4421DA09FC0091861C /* HarmonyCalcTests */ = {
			isa = PBXNativeTarget;
			buildConfigurationList = 72A10F4C21DA09FC0091861C /* Build configuration list for PBXNativeTarget "HarmonyCalcTests" */;
			buildPhases = (
				72A10F4121DA09FC0091861C /* Sources */,
				72A10F4221DA09FC0091861C /* Frameworks */,
				72A10F4321DA09FC0091861C /* Resources */,
			);
			buildRules = (
			);
			dependencies = (
				72A10F4B21DA09FC0091861C /* PBXTargetDependency */,
			);
			name = HarmonyCalcTests;
			productName = HarmonyCalcTests;
			productReference = 72A10F4521DA09FC0091861C /* HarmonyCalcTests.xctest */;
			productType = "com.apple.product-type.bundle.unit-test";
		};
/* End PBXNativeTarget section */

/* Begin PBXProject section */
		722E46DF2042593100DAF987 /* Project object */ = {
			isa = PBXProject;
			attributes = {
				LastSwiftUpdateCheck = 1010;
				LastUpgradeCheck = 1200;
				ORGANIZATIONNAME = ASM;
				TargetAttributes = {
					722E46E62042593100DAF987 = {
						CreatedOnToolsVersion = 9.2;
						LastSwiftMigration = 1200;
					};
					72A10F4421DA09FC0091861C = {
						CreatedOnToolsVersion = 10.1;
						LastSwiftMigration = 1200;
						TestTargetID = 722E46E62042593100DAF987;
					};
				};
			};
			buildConfigurationList = 722E46E22042593100DAF987 /* Build configuration list for PBXProject "HarmonyCalc" */;
			compatibilityVersion = "Xcode 9.3";
			developmentRegion = en;
			hasScannedForEncodings = 0;
			knownRegions = (
				en,
				Base,
			);
			mainGroup = 722E46DE2042593100DAF987;
			productRefGroup = 722E46E82042593100DAF987 /* Products */;
			projectDirPath = "";
			projectRoot = "";
			targets = (
				722E46E62042593100DAF987 /* HarmonyCalc */,
				72A10F4421DA09FC0091861C /* HarmonyCalcTests */,
			);
		};
/* End PBXProject section */

/* Begin PBXResourcesBuildPhase section */
		722E46E52042593100DAF987 /* Resources */ = {
			isa = PBXResourcesBuildPhase;
			buildActionMask = 2147483647;
			files = (
				7213F5A920AB07D000090B75 /* E5.m4a in Resources */,
				7213F59B20AB07D000090B75 /* A5.m4a in Resources */,
				7213F59920AB07D000090B75 /* C5.m4a in Resources */,
				7213F59C20AB07D000090B75 /* D♭5.m4a in Resources */,
				722E46F82042593100DAF987 /* LaunchScreen.storyboard in Resources */,
				728230FD212AEE1300397FDE /* Default-568h@2x.png in Resources */,
				7213F59620AB07D000090B75 /* A♭4.m4a in Resources */,
				7213F5A220AB07D000090B75 /* G5.m4a in Resources */,
				7213F59320AB07D000090B75 /* G4.m4a in Resources */,
				7213F59A20AB07D000090B75 /* A♭5.m4a in Resources */,
				7213F59420AB07D000090B75 /* D♭4.m4a in Resources */,
				7213F59720AB07D000090B75 /* B4.m4a in Resources */,
				7213F5A820AB07D000090B75 /* D5.m4a in Resources */,
				7213F59520AB07D000090B75 /* B♭5.m4a in Resources */,
				722E46F52042593100DAF987 /* Assets.xcassets in Resources */,
				7213F59820AB07D000090B75 /* A4.m4a in Resources */,
				7213F5A320AB07D000090B75 /* E♭4.m4a in Resources */,
				7213F5A520AB07D000090B75 /* F4.m4a in Resources */,
				7213F5A420AB07D000090B75 /* F5.m4a in Resources */,
				7213F5A120AB07D000090B75 /* G♭5.m4a in Resources */,
				7213F5A020AB07D000090B75 /* G♭4.m4a in Resources */,
				7213F5A720AB07D000090B75 /* B♭4.m4a in Resources */,
				7213F5A620AB07D000090B75 /* E4.m4a in Resources */,
				7213F59E20AB07D000090B75 /* E♭5.m4a in Resources */,
				7213F59F20AB07D000090B75 /* B5.m4a in Resources */,
				7213F5AA20AB07D000090B75 /* C4.m4a in Resources */,
				7213F59D20AB07D000090B75 /* D4.m4a in Resources */,
				722E46F02042593100DAF987 /* Main.storyboard in Resources */,
			);
			runOnlyForDeploymentPostprocessing = 0;
		};
		72A10F4321DA09FC0091861C /* Resources */ = {
			isa = PBXResourcesBuildPhase;
			buildActionMask = 2147483647;
			files = (
			);
			runOnlyForDeploymentPostprocessing = 0;
		};
/* End PBXResourcesBuildPhase section */

/* Begin PBXSourcesBuildPhase section */
		722E46E32042593100DAF987 /* Sources */ = {
			isa = PBXSourcesBuildPhase;
			buildActionMask = 2147483647;
			files = (
				722E46ED2042593100DAF987 /* NoteViewController.swift in Sources */,
				728AEA3520AA51E000CBB974 /* Audio.swift in Sources */,
				726ECD0F209E8A3B000231BF /* UI Extensions.swift in Sources */,
				72A5E60B212490F500C52D45 /* NoteProtocols.swift in Sources */,
				725A2FC2212B94BE00B64C21 /* Defaults.swift in Sources */,
				72A5E60D2124DD5B00C52D45 /* HarmonyTypes.swift in Sources */,
				72A5E61221262F0600C52D45 /* NoteTransforms.swift in Sources */,
				72BE787520AC5AE600991D4F /* DefinitionsViewController.swift in Sources */,
				722E471D2042598D00DAF987 /* HarmonyModel.swift in Sources */,
				722E46EB2042593100DAF987 /* AppDelegate.swift in Sources */,
				724A3CF4204CD8DE008E5840 /* PianoView.swift in Sources */,
				72C71979206144D50055C742 /* NoteTypes.swift in Sources */,
			);
			runOnlyForDeploymentPostprocessing = 0;
		};
		72A10F4121DA09FC0091861C /* Sources */ = {
			isa = PBXSourcesBuildPhase;
			buildActionMask = 2147483647;
			files = (
				72A10F4821DA09FC0091861C /* HarmonyCalcTests.swift in Sources */,
			);
			runOnlyForDeploymentPostprocessing = 0;
		};
/* End PBXSourcesBuildPhase section */

/* Begin PBXTargetDependency section */
		72A10F4B21DA09FC0091861C /* PBXTargetDependency */ = {
			isa = PBXTargetDependency;
			target = 722E46E62042593100DAF987 /* HarmonyCalc */;
			targetProxy = 72A10F4A21DA09FC0091861C /* PBXContainerItemProxy */;
		};
/* End PBXTargetDependency section */

/* Begin PBXVariantGroup section */
		722E46EE2042593100DAF987 /* Main.storyboard */ = {
			isa = PBXVariantGroup;
			children = (
				722E46EF2042593100DAF987 /* Base */,
			);
			name = Main.storyboard;
			sourceTree = "<group>";
		};
		722E46F62042593100DAF987 /* LaunchScreen.storyboard */ = {
			isa = PBXVariantGroup;
			children = (
				722E46F72042593100DAF987 /* Base */,
			);
			name = LaunchScreen.storyboard;
			sourceTree = "<group>";
		};
/* End PBXVariantGroup section */

/* Begin XCBuildConfiguration section */
		722E47102042593100DAF987 /* Debug */ = {
			isa = XCBuildConfiguration;
			buildSettings = {
				ALWAYS_SEARCH_USER_PATHS = NO;
				CLANG_ANALYZER_NONNULL = YES;
				CLANG_ANALYZER_NUMBER_OBJECT_CONVERSION = YES_AGGRESSIVE;
				CLANG_CXX_LANGUAGE_STANDARD = "gnu++14";
				CLANG_CXX_LIBRARY = "libc++";
				CLANG_ENABLE_MODULES = YES;
				CLANG_ENABLE_OBJC_ARC = YES;
				CLANG_WARN_BLOCK_CAPTURE_AUTORELEASING = YES;
				CLANG_WARN_BOOL_CONVERSION = YES;
				CLANG_WARN_COMMA = YES;
				CLANG_WARN_CONSTANT_CONVERSION = YES;
				CLANG_WARN_DEPRECATED_OBJC_IMPLEMENTATIONS = YES;
				CLANG_WARN_DIRECT_OBJC_ISA_USAGE = YES_ERROR;
				CLANG_WARN_DOCUMENTATION_COMMENTS = YES;
				CLANG_WARN_EMPTY_BODY = YES;
				CLANG_WARN_ENUM_CONVERSION = YES;
				CLANG_WARN_INFINITE_RECURSION = YES;
				CLANG_WARN_INT_CONVERSION = YES;
				CLANG_WARN_NON_LITERAL_NULL_CONVERSION = YES;
				CLANG_WARN_OBJC_IMPLICIT_RETAIN_SELF = YES;
				CLANG_WARN_OBJC_LITERAL_CONVERSION = YES;
				CLANG_WARN_OBJC_ROOT_CLASS = YES_ERROR;
				CLANG_WARN_QUOTED_INCLUDE_IN_FRAMEWORK_HEADER = YES;
				CLANG_WARN_RANGE_LOOP_ANALYSIS = YES;
				CLANG_WARN_STRICT_PROTOTYPES = YES;
				CLANG_WARN_SUSPICIOUS_MOVE = YES;
				CLANG_WARN_UNGUARDED_AVAILABILITY = YES_AGGRESSIVE;
				CLANG_WARN_UNREACHABLE_CODE = YES;
				CLANG_WARN__DUPLICATE_METHOD_MATCH = YES;
				CODE_SIGN_IDENTITY = "iPhone Developer";
				COPY_PHASE_STRIP = NO;
				DEBUG_INFORMATION_FORMAT = dwarf;
				ENABLE_STRICT_OBJC_MSGSEND = YES;
				ENABLE_TESTABILITY = YES;
				GCC_C_LANGUAGE_STANDARD = gnu11;
				GCC_DYNAMIC_NO_PIC = NO;
				GCC_NO_COMMON_BLOCKS = YES;
				GCC_OPTIMIZATION_LEVEL = 0;
				GCC_PREPROCESSOR_DEFINITIONS = (
					"DEBUG=1",
					"$(inherited)",
				);
				GCC_WARN_64_TO_32_BIT_CONVERSION = YES;
				GCC_WARN_ABOUT_RETURN_TYPE = YES_ERROR;
				GCC_WARN_UNDECLARED_SELECTOR = YES;
				GCC_WARN_UNINITIALIZED_AUTOS = YES_AGGRESSIVE;
				GCC_WARN_UNUSED_FUNCTION = YES;
				GCC_WARN_UNUSED_VARIABLE = YES;
				IPHONEOS_DEPLOYMENT_TARGET = 12.0;
				MTL_ENABLE_DEBUG_INFO = YES;
				ONLY_ACTIVE_ARCH = YES;
				SDKROOT = iphoneos;
				SWIFT_ACTIVE_COMPILATION_CONDITIONS = DEBUG;
				SWIFT_OPTIMIZATION_LEVEL = "-Onone";
			};
			name = Debug;
		};
		722E47112042593100DAF987 /* Release */ = {
			isa = XCBuildConfiguration;
			buildSettings = {
				ALWAYS_SEARCH_USER_PATHS = NO;
				CLANG_ANALYZER_NONNULL = YES;
				CLANG_ANALYZER_NUMBER_OBJECT_CONVERSION = YES_AGGRESSIVE;
				CLANG_CXX_LANGUAGE_STANDARD = "gnu++14";
				CLANG_CXX_LIBRARY = "libc++";
				CLANG_ENABLE_MODULES = YES;
				CLANG_ENABLE_OBJC_ARC = YES;
				CLANG_WARN_BLOCK_CAPTURE_AUTORELEASING = YES;
				CLANG_WARN_BOOL_CONVERSION = YES;
				CLANG_WARN_COMMA = YES;
				CLANG_WARN_CONSTANT_CONVERSION = YES;
				CLANG_WARN_DEPRECATED_OBJC_IMPLEMENTATIONS = YES;
				CLANG_WARN_DIRECT_OBJC_ISA_USAGE = YES_ERROR;
				CLANG_WARN_DOCUMENTATION_COMMENTS = YES;
				CLANG_WARN_EMPTY_BODY = YES;
				CLANG_WARN_ENUM_CONVERSION = YES;
				CLANG_WARN_INFINITE_RECURSION = YES;
				CLANG_WARN_INT_CONVERSION = YES;
				CLANG_WARN_NON_LITERAL_NULL_CONVERSION = YES;
				CLANG_WARN_OBJC_IMPLICIT_RETAIN_SELF = YES;
				CLANG_WARN_OBJC_LITERAL_CONVERSION = YES;
				CLANG_WARN_OBJC_ROOT_CLASS = YES_ERROR;
				CLANG_WARN_QUOTED_INCLUDE_IN_FRAMEWORK_HEADER = YES;
				CLANG_WARN_RANGE_LOOP_ANALYSIS = YES;
				CLANG_WARN_STRICT_PROTOTYPES = YES;
				CLANG_WARN_SUSPICIOUS_MOVE = YES;
				CLANG_WARN_UNGUARDED_AVAILABILITY = YES_AGGRESSIVE;
				CLANG_WARN_UNREACHABLE_CODE = YES;
				CLANG_WARN__DUPLICATE_METHOD_MATCH = YES;
				CODE_SIGN_IDENTITY = "iPhone Developer";
				COPY_PHASE_STRIP = NO;
				DEBUG_INFORMATION_FORMAT = "dwarf-with-dsym";
				ENABLE_NS_ASSERTIONS = NO;
				ENABLE_STRICT_OBJC_MSGSEND = YES;
				GCC_C_LANGUAGE_STANDARD = gnu11;
				GCC_NO_COMMON_BLOCKS = YES;
				GCC_WARN_64_TO_32_BIT_CONVERSION = YES;
				GCC_WARN_ABOUT_RETURN_TYPE = YES_ERROR;
				GCC_WARN_UNDECLARED_SELECTOR = YES;
				GCC_WARN_UNINITIALIZED_AUTOS = YES_AGGRESSIVE;
				GCC_WARN_UNUSED_FUNCTION = YES;
				GCC_WARN_UNUSED_VARIABLE = YES;
				IPHONEOS_DEPLOYMENT_TARGET = 12.0;
				MTL_ENABLE_DEBUG_INFO = NO;
				SDKROOT = iphoneos;
				SWIFT_COMPILATION_MODE = wholemodule;
				SWIFT_OPTIMIZATION_LEVEL = "-O";
				VALIDATE_PRODUCT = YES;
			};
			name = Release;
		};
		722E47132042593100DAF987 /* Debug */ = {
			isa = XCBuildConfiguration;
			buildSettings = {
				ASSETCATALOG_COMPILER_APPICON_NAME = AppIcon;
				CODE_SIGN_IDENTITY = "iPhone Developer";
				CODE_SIGN_STYLE = Automatic;
				DEVELOPMENT_TEAM = 48535654Y7;
				INFOPLIST_FILE = "$(SRCROOT)/HarmonyCalc/Supporting Files/Info.plist";
				IPHONEOS_DEPLOYMENT_TARGET = 12.0;
				LD_RUNPATH_SEARCH_PATHS = (
					"$(inherited)",
					"@executable_path/Frameworks",
				);
				PRODUCT_BUNDLE_IDENTIFIER = com.POTO.HarmonyCalc;
				PRODUCT_NAME = HarmonyCalc;
				PROVISIONING_PROFILE_SPECIFIER = "";
				SWIFT_VERSION = 5.0;
				TARGETED_DEVICE_FAMILY = "1,2";
			};
			name = Debug;
		};
		722E47142042593100DAF987 /* Release */ = {
			isa = XCBuildConfiguration;
			buildSettings = {
				ASSETCATALOG_COMPILER_APPICON_NAME = AppIcon;
				CODE_SIGN_IDENTITY = "iPhone Developer";
				CODE_SIGN_STYLE = Automatic;
				DEVELOPMENT_TEAM = 48535654Y7;
				INFOPLIST_FILE = "$(SRCROOT)/HarmonyCalc/Supporting Files/Info.plist";
				IPHONEOS_DEPLOYMENT_TARGET = 12.0;
				LD_RUNPATH_SEARCH_PATHS = (
					"$(inherited)",
					"@executable_path/Frameworks",
				);
				PRODUCT_BUNDLE_IDENTIFIER = com.POTO.HarmonyCalc;
				PRODUCT_NAME = HarmonyCalc;
				PROVISIONING_PROFILE_SPECIFIER = "";
				SWIFT_VERSION = 5.0;
				TARGETED_DEVICE_FAMILY = "1,2";
			};
			name = Release;
		};
		72A10F4D21DA09FC0091861C /* Debug */ = {
			isa = XCBuildConfiguration;
			buildSettings = {
				BUNDLE_LOADER = "$(TEST_HOST)";
				CLANG_ENABLE_OBJC_WEAK = YES;
				CODE_SIGN_STYLE = Automatic;
				DEVELOPMENT_TEAM = 48535654Y7;
				INFOPLIST_FILE = HarmonyCalcTests/Info.plist;
				IPHONEOS_DEPLOYMENT_TARGET = 12.1;
				LD_RUNPATH_SEARCH_PATHS = (
					"$(inherited)",
					"@executable_path/Frameworks",
					"@loader_path/Frameworks",
				);
				MTL_ENABLE_DEBUG_INFO = INCLUDE_SOURCE;
				MTL_FAST_MATH = YES;
				PRODUCT_BUNDLE_IDENTIFIER = com.POTO.HarmonyCalcTests;
				PRODUCT_NAME = "$(TARGET_NAME)";
				SWIFT_VERSION = 5.0;
				TARGETED_DEVICE_FAMILY = "1,2";
				TEST_HOST = "$(BUILT_PRODUCTS_DIR)/HarmonyCalc.app/HarmonyCalc";
			};
			name = Debug;
		};
		72A10F4E21DA09FC0091861C /* Release */ = {
			isa = XCBuildConfiguration;
			buildSettings = {
				BUNDLE_LOADER = "$(TEST_HOST)";
				CLANG_ENABLE_OBJC_WEAK = YES;
				CODE_SIGN_STYLE = Automatic;
				DEVELOPMENT_TEAM = 48535654Y7;
				INFOPLIST_FILE = HarmonyCalcTests/Info.plist;
				IPHONEOS_DEPLOYMENT_TARGET = 12.1;
				LD_RUNPATH_SEARCH_PATHS = (
					"$(inherited)",
					"@executable_path/Frameworks",
					"@loader_path/Frameworks",
				);
				MTL_FAST_MATH = YES;
				PRODUCT_BUNDLE_IDENTIFIER = com.POTO.HarmonyCalcTests;
				PRODUCT_NAME = "$(TARGET_NAME)";
				SWIFT_VERSION = 5.0;
				TARGETED_DEVICE_FAMILY = "1,2";
				TEST_HOST = "$(BUILT_PRODUCTS_DIR)/HarmonyCalc.app/HarmonyCalc";
			};
			name = Release;
		};
/* End XCBuildConfiguration section */

/* Begin XCConfigurationList section */
		722E46E22042593100DAF987 /* Build configuration list for PBXProject "HarmonyCalc" */ = {
			isa = XCConfigurationList;
			buildConfigurations = (
				722E47102042593100DAF987 /* Debug */,
				722E47112042593100DAF987 /* Release */,
			);
			defaultConfigurationIsVisible = 0;
			defaultConfigurationName = Release;
		};
		722E47122042593100DAF987 /* Build configuration list for PBXNativeTarget "HarmonyCalc" */ = {
			isa = XCConfigurationList;
			buildConfigurations = (
				722E47132042593100DAF987 /* Debug */,
				722E47142042593100DAF987 /* Release */,
			);
			defaultConfigurationIsVisible = 0;
			defaultConfigurationName = Release;
		};
		72A10F4C21DA09FC0091861C /* Build configuration list for PBXNativeTarget "HarmonyCalcTests" */ = {
			isa = XCConfigurationList;
			buildConfigurations = (
				72A10F4D21DA09FC0091861C /* Debug */,
				72A10F4E21DA09FC0091861C /* Release */,
			);
			defaultConfigurationIsVisible = 0;
			defaultConfigurationName = Release;
		};
/* End XCConfigurationList section */
	};
	rootObject = 722E46DF2042593100DAF987 /* Project object */;
}
